
Microsoft Visual Studio Solution File, Format Version 12.00
# Visual Studio Version 16
VisualStudioVersion = 16.0.32407.337
MinimumVisualStudioVersion = 10.0.40219.1
Project("{FAE04EC0-301F-11D3-BF4B-00C04F79EFBC}") = "Exercicios04", "Exercicios04\Exercicios04.csproj", "{7D70DA4E-0AFB-4C58-932B-77D22531DF86}"
EndProject
Project("{FAE04EC0-301F-11D3-BF4B-00C04F79EFBC}") = "Exercicio01", "Exercicio01\Exercicio01.csproj", "{B8F1899C-F16A-4180-9FD7-48A98F6ABEAC}"
EndProject
Project("{FAE04EC0-301F-11D3-BF4B-00C04F79EFBC}") = "Exercicio02", "Exercicio02\Exercicio02.csproj", "{CCD4F559-59A7-4133-B43F-DC7D8D762038}"
EndProject
Project("{FAE04EC0-301F-11D3-BF4B-00C04F79EFBC}") = "Exercicio03", "Exercicio03\Exercicio03.csproj", "{FE45D22E-B6E7-4468-BBB6-3CE7301EC8FB}"
EndProject
Project("{FAE04EC0-301F-11D3-BF4B-00C04F79EFBC}") = "Exercicio04", "Exercicio04\Exercicio04.csproj", "{19B1B6E4-BE6F-4DDD-B6F6-9E7C2E63D567}"
EndProject
Global
	GlobalSection(SolutionConfigurationPlatforms) = preSolution
		Debug|Any CPU = Debug|Any CPU
		Release|Any CPU = Release|Any CPU
	EndGlobalSection
	GlobalSection(ProjectConfigurationPlatforms) = postSolution
		{7D70DA4E-0AFB-4C58-932B-77D22531DF86}.Debug|Any CPU.ActiveCfg = Debug|Any CPU
		{7D70DA4E-0AFB-4C58-932B-77D22531DF86}.Debug|Any CPU.Build.0 = Debug|Any CPU
		{7D70DA4E-0AFB-4C58-932B-77D22531DF86}.Release|Any CPU.ActiveCfg = Release|Any CPU
		{7D70DA4E-0AFB-4C58-932B-77D22531DF86}.Release|Any CPU.Build.0 = Release|Any CPU
		{B8F1899C-F16A-4180-9FD7-48A98F6ABEAC}.Debug|Any CPU.ActiveCfg = Debug|Any CPU
		{B8F1899C-F16A-4180-9FD7-48A98F6ABEAC}.Debug|Any CPU.Build.0 = Debug|Any CPU
		{B8F1899C-F16A-4180-9FD7-48A98F6ABEAC}.Release|Any CPU.ActiveCfg = Release|Any CPU
		{B8F1899C-F16A-4180-9FD7-48A98F6ABEAC}.Release|Any CPU.Build.0 = Release|Any CPU
		{CCD4F559-59A7-4133-B43F-DC7D8D762038}.Debug|Any CPU.ActiveCfg = Debug|Any CPU
		{CCD4F559-59A7-4133-B43F-DC7D8D762038}.Debug|Any CPU.Build.0 = Debug|Any CPU
		{CCD4F559-59A7-4133-B43F-DC7D8D762038}.Release|Any CPU.ActiveCfg = Release|Any CPU
		{CCD4F559-59A7-4133-B43F-DC7D8D762038}.Release|Any CPU.Build.0 = Release|Any CPU
		{FE45D22E-B6E7-4468-BBB6-3CE7301EC8FB}.Debug|Any CPU.ActiveCfg = Debug|Any CPU
		{FE45D22E-B6E7-4468-BBB6-3CE7301EC8FB}.Debug|Any CPU.Build.0 = Debug|Any CPU
		{FE45D22E-B6E7-4468-BBB6-3CE7301EC8FB}.Release|Any CPU.ActiveCfg = Release|Any CPU
		{FE45D22E-B6E7-4468-BBB6-3CE7301EC8FB}.Release|Any CPU.Build.0 = Release|Any CPU
		{19B1B6E4-BE6F-4DDD-B6F6-9E7C2E63D567}.Debug|Any CPU.ActiveCfg = Debug|Any CPU
		{19B1B6E4-BE6F-4DDD-B6F6-9E7C2E63D567}.Debug|Any CPU.Build.0 = Debug|Any CPU
		{19B1B6E4-BE6F-4DDD-B6F6-9E7C2E63D567}.Release|Any CPU.ActiveCfg = Release|Any CPU
		{19B1B6E4-BE6F-4DDD-B6F6-9E7C2E63D567}.Release|Any CPU.Build.0 = Release|Any CPU
	EndGlobalSection
	GlobalSection(SolutionProperties) = preSolution
		HideSolutionNode = FALSE
	EndGlobalSection
	GlobalSection(ExtensibilityGlobals) = postSolution
		SolutionGuid = {146DBBD6-59C0-4005-A87E-97960B5274F8}
	EndGlobalSection
EndGlobal
